
Microsoft Visual Studio Solution File, Format Version 12.00
# Visual Studio Version 16
VisualStudioVersion = 16.0.30804.86
MinimumVisualStudioVersion = 10.0.40219.1
Project("{FAE04EC0-301F-11D3-BF4B-00C04F79EFBC}") = "BuilderTestExample", "BuilderTestExample\BuilderTestExample.csproj", "{59F45D3C-F301-4943-ACD6-9CBF1DB956C1}"
EndProject
Global
	GlobalSection(SolutionConfigurationPlatforms) = preSolution
		Debug|Any CPU = Debug|Any CPU
		Release|Any CPU = Release|Any CPU
	EndGlobalSection
	GlobalSection(ProjectConfigurationPlatforms) = postSolution
		{59F45D3C-F301-4943-ACD6-9CBF1DB956C1}.Debug|Any CPU.ActiveCfg = Debug|Any CPU
		{59F45D3C-F301-4943-ACD6-9CBF1DB956C1}.Debug|Any CPU.Build.0 = Debug|Any CPU
		{59F45D3C-F301-4943-ACD6-9CBF1DB956C1}.Release|Any CPU.ActiveCfg = Release|Any CPU
		{59F45D3C-F301-4943-ACD6-9CBF1DB956C1}.Release|Any CPU.Build.0 = Release|Any CPU
	EndGlobalSection
	GlobalSection(SolutionProperties) = preSolution
		HideSolutionNode = FALSE
	EndGlobalSection
	GlobalSection(ExtensibilityGlobals) = postSolution
		SolutionGuid = {77A79950-9C89-4765-A191-5AE01585E046}
	EndGlobalSection
EndGlobal
